# This file is automatically @generated by Cargo.
# It is not intended for manual editing.
version = 4

[[package]]
name = "codebus-app"
version = "0.2.0-dev"

[[package]]
name = "codebus-cli"
version = "0.2.0-dev"
dependencies = [
 "codebus-core",
]

[[package]]
name = "codebus-core"
version = "0.2.0-dev"
